
Microsoft Visual Studio Solution File, Format Version 12.00
# Visual Studio Version 16
VisualStudioVersion = 16.0.29209.62
MinimumVisualStudioVersion = 10.0.40219.1
Project("{9A19103F-16F7-4668-BE54-9A1E7A4F7556}") = "Corvus.SpecFlow.Extensions", "Corvus.SpecFlow.Extensions\Corvus.SpecFlow.Extensions.csproj", "{C967AE54-BC32-422F-AA8A-E63731C8AB22}"
EndProject
Project("{9A19103F-16F7-4668-BE54-9A1E7A4F7556}") = "Corvus.SpecFlow.Extensions.Specs", "Corvus.SpecFlow.Extensions.Specs\Corvus.SpecFlow.Extensions.Specs.csproj", "{0E316623-3DB4-4397-BFE2-43D0E4007845}"
EndProject
Project("{2150E333-8FDC-42A3-9474-1A3956D46DE8}") = "DevOps", "DevOps", "{B5276693-CCCC-4EB4-AA78-909D9C5F656E}"
	ProjectSection(SolutionItems) = preProject
		..\azure-pipelines.release.yml = ..\azure-pipelines.release.yml
		..\azure-pipelines.yml = ..\azure-pipelines.yml
		..\imm.yaml = ..\imm.yaml
	EndProjectSection
EndProject
Project("{2150E333-8FDC-42A3-9474-1A3956D46DE8}") = "Solution Items", "Solution Items", "{1929703E-1336-4E35-B360-339B4AE41BDF}"
EndProject
Global
	GlobalSection(SolutionConfigurationPlatforms) = preSolution
		Debug|Any CPU = Debug|Any CPU
		Release|Any CPU = Release|Any CPU
	EndGlobalSection
	GlobalSection(ProjectConfigurationPlatforms) = postSolution
		{C967AE54-BC32-422F-AA8A-E63731C8AB22}.Debug|Any CPU.ActiveCfg = Debug|Any CPU
		{C967AE54-BC32-422F-AA8A-E63731C8AB22}.Debug|Any CPU.Build.0 = Debug|Any CPU
		{C967AE54-BC32-422F-AA8A-E63731C8AB22}.Release|Any CPU.ActiveCfg = Release|Any CPU
		{C967AE54-BC32-422F-AA8A-E63731C8AB22}.Release|Any CPU.Build.0 = Release|Any CPU
		{0E316623-3DB4-4397-BFE2-43D0E4007845}.Debug|Any CPU.ActiveCfg = Debug|Any CPU
		{0E316623-3DB4-4397-BFE2-43D0E4007845}.Debug|Any CPU.Build.0 = Debug|Any CPU
		{0E316623-3DB4-4397-BFE2-43D0E4007845}.Release|Any CPU.ActiveCfg = Release|Any CPU
		{0E316623-3DB4-4397-BFE2-43D0E4007845}.Release|Any CPU.Build.0 = Release|Any CPU
	EndGlobalSection
	GlobalSection(SolutionProperties) = preSolution
		HideSolutionNode = FALSE
	EndGlobalSection
	GlobalSection(ExtensibilityGlobals) = postSolution
		SolutionGuid = {00493C9B-EC8E-4A4A-B07B-26D6580B6CF6}
	EndGlobalSection
EndGlobal
