
Microsoft Visual Studio Solution File, Format Version 12.00
# Visual Studio Version 16
VisualStudioVersion = 16.0.29209.62
MinimumVisualStudioVersion = 10.0.40219.1
Project("{2150E333-8FDC-42A3-9474-1A3956D46DE8}") = "DevOps", "DevOps", "{B5276693-CCCC-4EB4-AA78-909D9C5F656E}"
	ProjectSection(SolutionItems) = preProject
		..\azure-pipelines.release.yml = ..\azure-pipelines.release.yml
		..\azure-pipelines.yml = ..\azure-pipelines.yml
		..\GitVersion.yml = ..\GitVersion.yml
		..\imm.yaml = ..\imm.yaml
	EndProjectSection
EndProject
Project("{2150E333-8FDC-42A3-9474-1A3956D46DE8}") = "Solution Items", "Solution Items", "{1929703E-1336-4E35-B360-339B4AE41BDF}"
	ProjectSection(SolutionItems) = preProject
		.editorconfig = .editorconfig
		..\GitVersion.yml = ..\GitVersion.yml
		..\LICENSE = ..\LICENSE
		..\README.md = ..\README.md
	EndProjectSection
EndProject
Project("{2150E333-8FDC-42A3-9474-1A3956D46DE8}") = "Demo", "Demo", "{C07A8D88-69A4-4ABC-A057-B09D55C6B61F}"
EndProject
Project("{9A19103F-16F7-4668-BE54-9A1E7A4F7556}") = "Corvus.Testing.AzureFunctions", "Corvus.Testing.AzureFunctions\Corvus.Testing.AzureFunctions.csproj", "{3F86ECD4-674C-4026-9DC6-342FB43A84D6}"
EndProject
Project("{9A19103F-16F7-4668-BE54-9A1E7A4F7556}") = "Corvus.Testing.AzureFunctions.Xunit.Demo", "Corvus.Testing.AzureFunctions.Xunit.Demo\Corvus.Testing.AzureFunctions.Xunit.Demo.csproj", "{BA7AE471-5DFA-4204-BB59-B4EFAC624086}"
EndProject
Project("{9A19103F-16F7-4668-BE54-9A1E7A4F7556}") = "Corvus.Testing.AzureFunctions.SpecFlow.Demo", "Corvus.Testing.AzureFunctions.SpecFlow.Demo\Corvus.Testing.AzureFunctions.SpecFlow.Demo.csproj", "{4F726825-01C5-4BCF-B82B-E26C14565EEF}"
EndProject
Project("{9A19103F-16F7-4668-BE54-9A1E7A4F7556}") = "Corvus.Testing.AzureFunctions.SpecFlow", "Corvus.Testing.AzureFunctions.SpecFlow\Corvus.Testing.AzureFunctions.SpecFlow.csproj", "{A3C7BB3D-5C1B-4A59-9D1F-CC13BAEFCF45}"
EndProject
Project("{9A19103F-16F7-4668-BE54-9A1E7A4F7556}") = "Corvus.Testing.AzureFunctions.DemoFunction", "Corvus.Testing.AzureFunctions.DemoFunction\Corvus.Testing.AzureFunctions.DemoFunction.csproj", "{A82AEA52-81AA-4AAA-BEFE-8E28013E2A7A}"
EndProject
Project("{9A19103F-16F7-4668-BE54-9A1E7A4F7556}") = "Corvus.Testing.SpecFlow", "Corvus.Testing.SpecFlow\Corvus.Testing.SpecFlow.csproj", "{687664B5-226D-4CE7-B3AC-491F49990AA7}"
EndProject
Project("{9A19103F-16F7-4668-BE54-9A1E7A4F7556}") = "Corvus.Testing.SpecFlow.Specs", "Corvus.Testing.SpecFlow.Specs\Corvus.Testing.SpecFlow.Specs.csproj", "{18EB9E01-82BC-4B4F-BB22-ED91D36D368F}"
EndProject
Project("{9A19103F-16F7-4668-BE54-9A1E7A4F7556}") = "Corvus.Testing.SpecFlow.NUnit", "Corvus.Testing.SpecFlow.NUnit\Corvus.Testing.SpecFlow.NUnit.csproj", "{34AE7429-5F5E-4E47-9D21-841757243F78}"
EndProject
Project("{9A19103F-16F7-4668-BE54-9A1E7A4F7556}") = "Corvus.Testing.AzureFunctions.SpecFlow.NUnit", "Corvus.Testing.AzureFunctions.SpecFlow.NUnit\Corvus.Testing.AzureFunctions.SpecFlow.NUnit.csproj", "{DC1B7B5A-8417-4696-B061-9C03EE933C02}"
EndProject
Global
	GlobalSection(SolutionConfigurationPlatforms) = preSolution
		Debug|Any CPU = Debug|Any CPU
		Release|Any CPU = Release|Any CPU
	EndGlobalSection
	GlobalSection(ProjectConfigurationPlatforms) = postSolution
		{3F86ECD4-674C-4026-9DC6-342FB43A84D6}.Debug|Any CPU.ActiveCfg = Debug|Any CPU
		{3F86ECD4-674C-4026-9DC6-342FB43A84D6}.Debug|Any CPU.Build.0 = Debug|Any CPU
		{3F86ECD4-674C-4026-9DC6-342FB43A84D6}.Release|Any CPU.ActiveCfg = Release|Any CPU
		{3F86ECD4-674C-4026-9DC6-342FB43A84D6}.Release|Any CPU.Build.0 = Release|Any CPU
		{BA7AE471-5DFA-4204-BB59-B4EFAC624086}.Debug|Any CPU.ActiveCfg = Debug|Any CPU
		{BA7AE471-5DFA-4204-BB59-B4EFAC624086}.Debug|Any CPU.Build.0 = Debug|Any CPU
		{BA7AE471-5DFA-4204-BB59-B4EFAC624086}.Release|Any CPU.ActiveCfg = Release|Any CPU
		{BA7AE471-5DFA-4204-BB59-B4EFAC624086}.Release|Any CPU.Build.0 = Release|Any CPU
		{4F726825-01C5-4BCF-B82B-E26C14565EEF}.Debug|Any CPU.ActiveCfg = Debug|Any CPU
		{4F726825-01C5-4BCF-B82B-E26C14565EEF}.Debug|Any CPU.Build.0 = Debug|Any CPU
		{4F726825-01C5-4BCF-B82B-E26C14565EEF}.Release|Any CPU.ActiveCfg = Release|Any CPU
		{4F726825-01C5-4BCF-B82B-E26C14565EEF}.Release|Any CPU.Build.0 = Release|Any CPU
		{A3C7BB3D-5C1B-4A59-9D1F-CC13BAEFCF45}.Debug|Any CPU.ActiveCfg = Debug|Any CPU
		{A3C7BB3D-5C1B-4A59-9D1F-CC13BAEFCF45}.Debug|Any CPU.Build.0 = Debug|Any CPU
		{A3C7BB3D-5C1B-4A59-9D1F-CC13BAEFCF45}.Release|Any CPU.ActiveCfg = Release|Any CPU
		{A3C7BB3D-5C1B-4A59-9D1F-CC13BAEFCF45}.Release|Any CPU.Build.0 = Release|Any CPU
		{A82AEA52-81AA-4AAA-BEFE-8E28013E2A7A}.Debug|Any CPU.ActiveCfg = Debug|Any CPU
		{A82AEA52-81AA-4AAA-BEFE-8E28013E2A7A}.Debug|Any CPU.Build.0 = Debug|Any CPU
		{A82AEA52-81AA-4AAA-BEFE-8E28013E2A7A}.Release|Any CPU.ActiveCfg = Release|Any CPU
		{A82AEA52-81AA-4AAA-BEFE-8E28013E2A7A}.Release|Any CPU.Build.0 = Release|Any CPU
		{687664B5-226D-4CE7-B3AC-491F49990AA7}.Debug|Any CPU.ActiveCfg = Debug|Any CPU
		{687664B5-226D-4CE7-B3AC-491F49990AA7}.Debug|Any CPU.Build.0 = Debug|Any CPU
		{687664B5-226D-4CE7-B3AC-491F49990AA7}.Release|Any CPU.ActiveCfg = Release|Any CPU
		{687664B5-226D-4CE7-B3AC-491F49990AA7}.Release|Any CPU.Build.0 = Release|Any CPU
		{18EB9E01-82BC-4B4F-BB22-ED91D36D368F}.Debug|Any CPU.ActiveCfg = Debug|Any CPU
		{18EB9E01-82BC-4B4F-BB22-ED91D36D368F}.Debug|Any CPU.Build.0 = Debug|Any CPU
		{18EB9E01-82BC-4B4F-BB22-ED91D36D368F}.Release|Any CPU.ActiveCfg = Release|Any CPU
		{18EB9E01-82BC-4B4F-BB22-ED91D36D368F}.Release|Any CPU.Build.0 = Release|Any CPU
		{34AE7429-5F5E-4E47-9D21-841757243F78}.Debug|Any CPU.ActiveCfg = Debug|Any CPU
		{34AE7429-5F5E-4E47-9D21-841757243F78}.Debug|Any CPU.Build.0 = Debug|Any CPU
		{34AE7429-5F5E-4E47-9D21-841757243F78}.Release|Any CPU.ActiveCfg = Release|Any CPU
		{34AE7429-5F5E-4E47-9D21-841757243F78}.Release|Any CPU.Build.0 = Release|Any CPU
		{DC1B7B5A-8417-4696-B061-9C03EE933C02}.Debug|Any CPU.ActiveCfg = Debug|Any CPU
		{DC1B7B5A-8417-4696-B061-9C03EE933C02}.Debug|Any CPU.Build.0 = Debug|Any CPU
		{DC1B7B5A-8417-4696-B061-9C03EE933C02}.Release|Any CPU.ActiveCfg = Release|Any CPU
		{DC1B7B5A-8417-4696-B061-9C03EE933C02}.Release|Any CPU.Build.0 = Release|Any CPU
	EndGlobalSection
	GlobalSection(SolutionProperties) = preSolution
		HideSolutionNode = FALSE
	EndGlobalSection
	GlobalSection(NestedProjects) = preSolution
		{BA7AE471-5DFA-4204-BB59-B4EFAC624086} = {C07A8D88-69A4-4ABC-A057-B09D55C6B61F}
		{4F726825-01C5-4BCF-B82B-E26C14565EEF} = {C07A8D88-69A4-4ABC-A057-B09D55C6B61F}
		{A82AEA52-81AA-4AAA-BEFE-8E28013E2A7A} = {C07A8D88-69A4-4ABC-A057-B09D55C6B61F}
	EndGlobalSection
	GlobalSection(ExtensibilityGlobals) = postSolution
		SolutionGuid = {00493C9B-EC8E-4A4A-B07B-26D6580B6CF6}
	EndGlobalSection
EndGlobal
